
Microsoft Visual Studio Solution File, Format Version 12.00
Project("{FAE04EC0-301F-11D3-BF4B-00C04F79EFBC}") = "Watchdog", "Watchdog\Watchdog.csproj", "{3E963A7D-2931-40D8-B68C-3F7B127ECB2A}"
EndProject
Project("{FAE04EC0-301F-11D3-BF4B-00C04F79EFBC}") = "DummyFramework", "DummyFramework\DummyFramework.csproj", "{227E7B28-8E81-4FCD-A2EB-F5833831609E}"
EndProject
Project("{FAE04EC0-301F-11D3-BF4B-00C04F79EFBC}") = "DummyGame", "DummyGame\DummyGame.csproj", "{E1B0A362-646A-4E6D-84C4-B7A63F777D2B}"
EndProject
Global
	GlobalSection(SolutionConfigurationPlatforms) = preSolution
		Debug|Any CPU = Debug|Any CPU
		Release|Any CPU = Release|Any CPU
	EndGlobalSection
	GlobalSection(ProjectConfigurationPlatforms) = postSolution
		{3E963A7D-2931-40D8-B68C-3F7B127ECB2A}.Debug|Any CPU.ActiveCfg = Debug|Any CPU
		{3E963A7D-2931-40D8-B68C-3F7B127ECB2A}.Debug|Any CPU.Build.0 = Debug|Any CPU
		{3E963A7D-2931-40D8-B68C-3F7B127ECB2A}.Release|Any CPU.ActiveCfg = Release|Any CPU
		{3E963A7D-2931-40D8-B68C-3F7B127ECB2A}.Release|Any CPU.Build.0 = Release|Any CPU
		{227E7B28-8E81-4FCD-A2EB-F5833831609E}.Debug|Any CPU.ActiveCfg = Debug|Any CPU
		{227E7B28-8E81-4FCD-A2EB-F5833831609E}.Debug|Any CPU.Build.0 = Debug|Any CPU
		{227E7B28-8E81-4FCD-A2EB-F5833831609E}.Release|Any CPU.ActiveCfg = Release|Any CPU
		{227E7B28-8E81-4FCD-A2EB-F5833831609E}.Release|Any CPU.Build.0 = Release|Any CPU
		{E1B0A362-646A-4E6D-84C4-B7A63F777D2B}.Debug|Any CPU.ActiveCfg = Debug|Any CPU
		{E1B0A362-646A-4E6D-84C4-B7A63F777D2B}.Debug|Any CPU.Build.0 = Debug|Any CPU
		{E1B0A362-646A-4E6D-84C4-B7A63F777D2B}.Release|Any CPU.ActiveCfg = Release|Any CPU
		{E1B0A362-646A-4E6D-84C4-B7A63F777D2B}.Release|Any CPU.Build.0 = Release|Any CPU
	EndGlobalSection
EndGlobal
